Microsoft Visual Studio Solution File, Format Version 11.00
# Visual Studio 2008

Project("{3A49C3A0-2A39-FB87-7D48-0D98C5D659C8}") = "singleSlot", "Assembly-CSharp.csproj", "{65A3D17C-618F-2F6B-9720-B3E51774C598}"
EndProject
Global
	GlobalSection(SolutionConfigurationPlatforms) = preSolution
		Debug|Any CPU = Debug|Any CPU
		Release|Any CPU = Release|Any CPU
	EndGlobalSection
	GlobalSection(ProjectConfigurationPlatforms) = postSolution
		{65A3D17C-618F-2F6B-9720-B3E51774C598}.Debug|Any CPU.ActiveCfg = Debug|Any CPU
		{65A3D17C-618F-2F6B-9720-B3E51774C598}.Debug|Any CPU.Build.0 = Debug|Any CPU
		{65A3D17C-618F-2F6B-9720-B3E51774C598}.Release|Any CPU.ActiveCfg = Release|Any CPU
		{65A3D17C-618F-2F6B-9720-B3E51774C598}.Release|Any CPU.Build.0 = Release|Any CPU
	EndGlobalSection
	GlobalSection(SolutionProperties) = preSolution
		HideSolutionNode = FALSE
	EndGlobalSection
	GlobalSection(MonoDevelopProperties) = preSolution
		StartupItem = Assembly-CSharp.csproj
	EndGlobalSection
EndGlobal
